
Microsoft Visual Studio Solution File, Format Version 12.00
# Visual Studio Version 17
VisualStudioVersion = 17.0.31903.59
MinimumVisualStudioVersion = 10.0.40219.1
Project("{2150E333-8FDC-42A3-9474-1A3956D46DE8}") = "Source", "Source", "{517676B1-3400-4EAD-AB70-70AEA7900875}"
EndProject
Project("{FAE04EC0-301F-11D3-BF4B-00C04F79EFBC}") = "Padutronics.Conversion.Converters.Ranges", "Source\Padutronics.Conversion.Converters.Ranges\Padutronics.Conversion.Converters.Ranges.csproj", "{5714FF8C-19AB-4423-A753-809AD0E2B498}"
EndProject
Global
	GlobalSection(SolutionConfigurationPlatforms) = preSolution
		Debug|Any CPU = Debug|Any CPU
		Release|Any CPU = Release|Any CPU
	EndGlobalSection
	GlobalSection(SolutionProperties) = preSolution
		HideSolutionNode = FALSE
	EndGlobalSection
	GlobalSection(ProjectConfigurationPlatforms) = postSolution
		{5714FF8C-19AB-4423-A753-809AD0E2B498}.Debug|Any CPU.ActiveCfg = Debug|Any CPU
		{5714FF8C-19AB-4423-A753-809AD0E2B498}.Debug|Any CPU.Build.0 = Debug|Any CPU
		{5714FF8C-19AB-4423-A753-809AD0E2B498}.Release|Any CPU.ActiveCfg = Release|Any CPU
		{5714FF8C-19AB-4423-A753-809AD0E2B498}.Release|Any CPU.Build.0 = Release|Any CPU
	EndGlobalSection
	GlobalSection(NestedProjects) = preSolution
		{5714FF8C-19AB-4423-A753-809AD0E2B498} = {517676B1-3400-4EAD-AB70-70AEA7900875}
	EndGlobalSection
EndGlobal
